# THIS IS AN AUTOGENERATED FILE. DO NOT EDIT THIS FILE DIRECTLY.
# yarn lockfile v1


"@babel/runtime@^7.20.13":
  version "7.23.9"
  resolved "https://registry.yarnpkg.com/@babel/runtime/-/runtime-7.23.9.tgz#47791a15e4603bb5f905bc0753801cf21d6345f7"
  integrity sha512-0CX6F+BI2s9dkUqr08KFrAIZgNFj75rdBU/DjCyYLIaV/quFjkk6T+EJ2LkZHyZTbEV4L5p97mNkUsHl2wLFAw==
  dependencies:
    regenerator-runtime "^0.14.0"

"@panva/hkdf@^1.0.2":
  version "1.1.1"
  resolved "https://registry.yarnpkg.com/@panva/hkdf/-/hkdf-1.1.1.tgz#ab9cd8755d1976e72fc77a00f7655a64efe6cd5d"
  integrity sha512-dhPeilub1NuIG0X5Kvhh9lH4iW3ZsHlnzwgwbOlgwQ2wG1IqFzsgHqmKPk3WzsdWAeaxKJxgM0+W433RmN45GA==

cookie@^0.5.0:
  version "0.5.0"
  resolved "https://registry.yarnpkg.com/cookie/-/cookie-0.5.0.tgz#d1f5d71adec6558c58f389987c366aa47e994f8b"
  integrity sha512-YZ3GUyn/o8gfKJlnlX7g7xq4gyO6OSuhGPKaaGssGB2qgDUS0gPgtTvoyZLTt9Ab6dC4hfc9dV5arkvc/OCmrw==

jose@^4.11.4, jose@^4.15.4:
  version "4.15.4"
  resolved "https://registry.yarnpkg.com/jose/-/jose-4.15.4.tgz#02a9a763803e3872cf55f29ecef0dfdcc218cc03"
  integrity sha512-W+oqK4H+r5sITxfxpSU+MMdr/YSWGvgZMQDIsNoBDGGy4i7GBPTtvFKibQzW06n3U3TqHjhvBJsirShsEJ6eeQ==

lru-cache@^6.0.0:
  version "6.0.0"
  resolved "https://registry.yarnpkg.com/lru-cache/-/lru-cache-6.0.0.tgz#6d6fe6570ebd96aaf90fcad1dafa3b2566db3a94"
  integrity sha512-Jo6dJ04CmSjuznwJSS3pUeWmd/H0ffTlkXXgwZi+eq1UCmqQwCh+eLsYOYCwY991i2Fah4h1BEMCx4qThGbsiA==
  dependencies:
    yallist "^4.0.0"

next-auth@^4.24.5:
  version "4.24.5"
  resolved "https://registry.yarnpkg.com/next-auth/-/next-auth-4.24.5.tgz#1fd1bfc0603c61fd2ba6fd81b976af690edbf07e"
  integrity sha512-3RafV3XbfIKk6rF6GlLE4/KxjTcuMCifqrmD+98ejFq73SRoj2rmzoca8u764977lH/Q7jo6Xu6yM+Re1Mz/Og==
  dependencies:
    "@babel/runtime" "^7.20.13"
    "@panva/hkdf" "^1.0.2"
    cookie "^0.5.0"
    jose "^4.11.4"
    oauth "^0.9.15"
    openid-client "^5.4.0"
    preact "^10.6.3"
    preact-render-to-string "^5.1.19"
    uuid "^8.3.2"

oauth@^0.9.15:
  version "0.9.15"
  resolved "https://registry.yarnpkg.com/oauth/-/oauth-0.9.15.tgz#bd1fefaf686c96b75475aed5196412ff60cfb9c1"
  integrity sha512-a5ERWK1kh38ExDEfoO6qUHJb32rd7aYmPHuyCu3Fta/cnICvYmgd2uhuKXvPD+PXB+gCEYYEaQdIRAjCOwAKNA==

object-hash@^2.2.0:
  version "2.2.0"
  resolved "https://registry.yarnpkg.com/object-hash/-/object-hash-2.2.0.tgz#5ad518581eefc443bd763472b8ff2e9c2c0d54a5"
  integrity sha512-gScRMn0bS5fH+IuwyIFgnh9zBdo4DV+6GhygmWM9HyNJSgS0hScp1f5vjtm7oIIOiT9trXrShAkLFSc2IqKNgw==

oidc-token-hash@^5.0.3:
  version "5.0.3"
  resolved "https://registry.yarnpkg.com/oidc-token-hash/-/oidc-token-hash-5.0.3.tgz#9a229f0a1ce9d4fc89bcaee5478c97a889e7b7b6"
  integrity sha512-IF4PcGgzAr6XXSff26Sk/+P4KZFJVuHAJZj3wgO3vX2bMdNVp/QXTP3P7CEm9V1IdG8lDLY3HhiqpsE/nOwpPw==

openid-client@^5.4.0:
  version "5.6.4"
  resolved "https://registry.yarnpkg.com/openid-client/-/openid-client-5.6.4.tgz#b2c25e6d5338ba3ce00e04341bb286798a196177"
  integrity sha512-T1h3B10BRPKfcObdBklX639tVz+xh34O7GjofqrqiAQdm7eHsQ00ih18x6wuJ/E6FxdtS2u3FmUGPDeEcMwzNA==
  dependencies:
    jose "^4.15.4"
    lru-cache "^6.0.0"
    object-hash "^2.2.0"
    oidc-token-hash "^5.0.3"

preact-render-to-string@^5.1.19:
  version "5.2.6"
  resolved "https://registry.yarnpkg.com/preact-render-to-string/-/preact-render-to-string-5.2.6.tgz#0ff0c86cd118d30affb825193f18e92bd59d0604"
  integrity sha512-JyhErpYOvBV1hEPwIxc/fHWXPfnEGdRKxc8gFdAZ7XV4tlzyzG847XAyEZqoDnynP88akM4eaHcSOzNcLWFguw==
  dependencies:
    pretty-format "^3.8.0"

preact@^10.6.3:
  version "10.19.3"
  resolved "https://registry.yarnpkg.com/preact/-/preact-10.19.3.tgz#7a7107ed2598a60676c943709ea3efb8aaafa899"
  integrity sha512-nHHTeFVBTHRGxJXKkKu5hT8C/YWBkPso4/Gad6xuj5dbptt9iF9NZr9pHbPhBrnT2klheu7mHTxTZ/LjwJiEiQ==

pretty-format@^3.8.0:
  version "3.8.0"
  resolved "https://registry.yarnpkg.com/pretty-format/-/pretty-format-3.8.0.tgz#bfbed56d5e9a776645f4b1ff7aa1a3ac4fa3c385"
  integrity sha512-WuxUnVtlWL1OfZFQFuqvnvs6MiAGk9UNsBostyBOB0Is9wb5uRESevA6rnl/rkksXaGX3GzZhPup5d6Vp1nFew==

regenerator-runtime@^0.14.0:
  version "0.14.1"
  resolved "https://registry.yarnpkg.com/regenerator-runtime/-/regenerator-runtime-0.14.1.tgz#356ade10263f685dda125100cd862c1db895327f"
  integrity sha512-dYnhHh0nJoMfnkZs6GmmhFknAGRrLznOu5nc9ML+EJxGvrx6H7teuevqVqCuPcPK//3eDrrjQhehXVx9cnkGdw==

uuid@^8.3.2:
  version "8.3.2"
  resolved "https://registry.yarnpkg.com/uuid/-/uuid-8.3.2.tgz#80d5b5ced271bb9af6c445f21a1a04c606cefbe2"
  integrity sha512-+NYs2QeMWy+GWFOEm9xnn6HCDp0l7QBD7ml8zLUmJ+93Q5NF0NocErnwkTkXVFNiX3/fpC6afS8Dhb/gz7R7eg==

yallist@^4.0.0:
  version "4.0.0"
  resolved "https://registry.yarnpkg.com/yallist/-/yallist-4.0.0.tgz#9bb92790d9c0effec63be73519e11a35019a3a72"
  integrity sha512-3wdGidZyq5PB084XLES5TpOSRA3wjXAlIWMhum2kRcv/41Sn2emQ0dycQW4uZXLejwKvg6EsvbdlVL+FYEct7A==
