github.com/youmark/pkcs8 v0.0.0-20240424034433-3c2c7870ae76 h1:tBiBTKHnIjovYoLX/TPkcf+OjqqKGQrPtGT3Foz+Pgo=
github.com/youmark/pkcs8 v0.0.0-20240424034433-3c2c7870ae76/go.mod h1:SQliXeA7Dhkt//vS29v3zpbEwoa+zb2Cn5xj5uO4K5U=
golang.org/x/crypto v0.31.0 h1:ihbySMvVjLAeSH1IbfcRTkD/iNscyz8rGzjF/E5hV6U=
golang.org/x/crypto v0.31.0/go.mod h1:kDsLvtWBEx7MV9tJOj9bnXsPbxwJQ6csT/x4KIN4Ssk=
